// !$*UTF8*$!
{
	archiveVersion = 1;
	classes = {
	};
	objectVersion = 77;
	objects = {

/* Begin PBXContainerItemProxy section */
		4C5E720A2CEFD666002D7AC1 /* PBXContainerItemProxy */ = {
			isa = PBXContainerItemProxy;
			containerPortal = 4C5E71EF2CEFD663002D7AC1 /* Project object */;
			proxyType = 1;
			remoteGlobalIDString = 4C5E71F62CEFD663002D7AC1;
			remoteInfo = ARCampus;
		};
		4C5E72142CEFD666002D7AC1 /* PBXContainerItemProxy */ = {
			isa = PBXContainerItemProxy;
			containerPortal = 4C5E71EF2CEFD663002D7AC1 /* Project object */;
			proxyType = 1;
			remoteGlobalIDString = 4C5E71F62CEFD663002D7AC1;
			remoteInfo = ARCampus;
		};
/* End PBXContainerItemProxy section */

/* Begin PBXFileReference section */
		4C5E71F72CEFD663002D7AC1 /* ARCampus.app */ = {isa = PBXFileReference; explicitFileType = wrapper.application; includeInIndex = 0; path = ARCampus.app; sourceTree = BUILT_PRODUCTS_DIR; };
		4C5E72092CEFD666002D7AC1 /* ARCampusTests.xctest */ = {isa = PBXFileReference; explicitFileType = wrapper.cfbundle; includeInIndex = 0; path = ARCampusTests.xctest; sourceTree = BUILT_PRODUCTS_DIR; };
		4C5E72132CEFD666002D7AC1 /* ARCampusUITests.xctest */ = {isa = PBXFileReference; explicitFileType = wrapper.cfbundle; includeInIndex = 0; path = ARCampusUITests.xctest; sourceTree = BUILT_PRODUCTS_DIR; };
/* End PBXFileReference section */

/* Begin PBXFileSystemSynchronizedRootGroup section */
		4C5E71F92CEFD663002D7AC1 /* ARCampus */ = {
			isa = PBXFileSystemSynchronizedRootGroup;
			path = ARCampus;
			sourceTree = "<group>";
		};
		4C5E720C2CEFD666002D7AC1 /* ARCampusTests */ = {
			isa = PBXFileSystemSynchronizedRootGroup;
			path = ARCampusTests;
			sourceTree = "<group>";
		};
		4C5E72162CEFD666002D7AC1 /* ARCampusUITests */ = {
			isa = PBXFileSystemSynchronizedRootGroup;
			path = ARCampusUITests;
			sourceTree = "<group>";
		};
/* End PBXFileSystemSynchronizedRootGroup section */

/* Begin PBXFrameworksBuildPhase section */
		4C5E71F42CEFD663002D7AC1 /* Frameworks */ = {
			isa = PBXFrameworksBuildPhase;
			buildActionMask = 2147483647;
			files = (
			);
			runOnlyForDeploymentPostprocessing = 0;
		};
		4C5E72062CEFD666002D7AC1 /* Frameworks */ = {
			isa = PBXFrameworksBuildPhase;
			buildActionMask = 2147483647;
			files = (
			);
			runOnlyForDeploymentPostprocessing = 0;
		};
		4C5E72102CEFD666002D7AC1 /* Frameworks */ = {
			isa = PBXFrameworksBuildPhase;
			buildActionMask = 2147483647;
			files = (
			);
			runOnlyForDeploymentPostprocessing = 0;
		};
/* End PBXFrameworksBuildPhase section */

/* Begin PBXGroup section */
		4C5E71EE2CEFD663002D7AC1 = {
			isa = PBXGroup;
			children = (
				4C5E71F92CEFD663002D7AC1 /* ARCampus */,
				4C5E720C2CEFD666002D7AC1 /* ARCampusTests */,
				4C5E72162CEFD666002D7AC1 /* ARCampusUITests */,
				4C5E71F82CEFD663002D7AC1 /* Products */,
			);
			sourceTree = "<group>";
		};
		4C5E71F82CEFD663002D7AC1 /* Products */ = {
			isa = PBXGroup;
			children = (
				4C5E71F72CEFD663002D7AC1 /* ARCampus.app */,
				4C5E72092CEFD666002D7AC1 /* ARCampusTests.xctest */,
				4C5E72132CEFD666002D7AC1 /* ARCampusUITests.xctest */,
			);
			name = Products;
			sourceTree = "<group>";
		};
/* End PBXGroup section */

/* Begin PBXNativeTarget section */
		4C5E71F62CEFD663002D7AC1 /* ARCampus */ = {
			isa = PBXNativeTarget;
			buildConfigurationList = 4C5E721D2CEFD666002D7AC1 /* Build configuration list for PBXNativeTarget "ARCampus" */;
			buildPhases = (
				4C5E71F32CEFD663002D7AC1 /* Sources */,
				4C5E71F42CEFD663002D7AC1 /* Frameworks */,
				4C5E71F52CEFD663002D7AC1 /* Resources */,
			);
			buildRules = (
			);
			dependencies = (
			);
			fileSystemSynchronizedGroups = (
				4C5E71F92CEFD663002D7AC1 /* ARCampus */,
			);
			name = ARCampus;
			packageProductDependencies = (
			);
			productName = ARCampus;
			productReference = 4C5E71F72CEFD663002D7AC1 /* ARCampus.app */;
			productType = "com.apple.product-type.application";
		};
		4C5E72082CEFD666002D7AC1 /* ARCampusTests */ = {
			isa = PBXNativeTarget;
			buildConfigurationList = 4C5E72202CEFD666002D7AC1 /* Build configuration list for PBXNativeTarget "ARCampusTests" */;
			buildPhases = (
				4C5E72052CEFD666002D7AC1 /* Sources */,
				4C5E72062CEFD666002D7AC1 /* Frameworks */,
				4C5E72072CEFD666002D7AC1 /* Resources */,
			);
			buildRules = (
			);
			dependencies = (
				4C5E720B2CEFD666002D7AC1 /* PBXTargetDependency */,
			);
			fileSystemSynchronizedGroups = (
				4C5E720C2CEFD666002D7AC1 /* ARCampusTests */,
			);
			name = ARCampusTests;
			packageProductDependencies = (
			);
			productName = ARCampusTests;
			productReference = 4C5E72092CEFD666002D7AC1 /* ARCampusTests.xctest */;
			productType = "com.apple.product-type.bundle.unit-test";
		};
		4C5E72122CEFD666002D7AC1 /* ARCampusUITests */ = {
			isa = PBXNativeTarget;
			buildConfigurationList = 4C5E72232CEFD666002D7AC1 /* Build configuration list for PBXNativeTarget "ARCampusUITests" */;
			buildPhases = (
				4C5E720F2CEFD666002D7AC1 /* Sources */,
				4C5E72102CEFD666002D7AC1 /* Frameworks */,
				4C5E72112CEFD666002D7AC1 /* Resources */,
			);
			buildRules = (
			);
			dependencies = (
				4C5E72152CEFD666002D7AC1 /* PBXTargetDependency */,
			);
			fileSystemSynchronizedGroups = (
				4C5E72162CEFD666002D7AC1 /* ARCampusUITests */,
			);
			name = ARCampusUITests;
			packageProductDependencies = (
			);
			productName = ARCampusUITests;
			productReference = 4C5E72132CEFD666002D7AC1 /* ARCampusUITests.xctest */;
			productType = "com.apple.product-type.bundle.ui-testing";
		};
/* End PBXNativeTarget section */

/* Begin PBXProject section */
		4C5E71EF2CEFD663002D7AC1 /* Project object */ = {
			isa = PBXProject;
			attributes = {
				BuildIndependentTargetsInParallel = 1;
				LastSwiftUpdateCheck = 1610;
				LastUpgradeCheck = 1610;
				TargetAttributes = {
					4C5E71F62CEFD663002D7AC1 = {
						CreatedOnToolsVersion = 16.1;
					};
					4C5E72082CEFD666002D7AC1 = {
						CreatedOnToolsVersion = 16.1;
						TestTargetID = 4C5E71F62CEFD663002D7AC1;
					};
					4C5E72122CEFD666002D7AC1 = {
						CreatedOnToolsVersion = 16.1;
						TestTargetID = 4C5E71F62CEFD663002D7AC1;
					};
				};
			};
			buildConfigurationList = 4C5E71F22CEFD663002D7AC1 /* Build configuration list for PBXProject "ARCampus" */;
			developmentRegion = en;
			hasScannedForEncodings = 0;
			knownRegions = (
				en,
				Base,
			);
			mainGroup = 4C5E71EE2CEFD663002D7AC1;
			minimizedProjectReferenceProxies = 1;
			preferredProjectObjectVersion = 77;
			productRefGroup = 4C5E71F82CEFD663002D7AC1 /* Products */;
			projectDirPath = "";
			projectRoot = "";
			targets = (
				4C5E71F62CEFD663002D7AC1 /* ARCampus */,
				4C5E72082CEFD666002D7AC1 /* ARCampusTests */,
				4C5E72122CEFD666002D7AC1 /* ARCampusUITests */,
			);
		};
/* End PBXProject section */

/* Begin PBXResourcesBuildPhase section */
		4C5E71F52CEFD663002D7AC1 /* Resources */ = {
			isa = PBXResourcesBuildPhase;
			buildActionMask = 2147483647;
			files = (
			);
			runOnlyForDeploymentPostprocessing = 0;
		};
		4C5E72072CEFD666002D7AC1 /* Resources */ = {
			isa = PBXResourcesBuildPhase;
			buildActionMask = 2147483647;
			files = (
			);
			runOnlyForDeploymentPostprocessing = 0;
		};
		4C5E72112CEFD666002D7AC1 /* Resources */ = {
			isa = PBXResourcesBuildPhase;
			buildActionMask = 2147483647;
			files = (
			);
			runOnlyForDeploymentPostprocessing = 0;
		};
/* End PBXResourcesBuildPhase section */

/* Begin PBXSourcesBuildPhase section */
		4C5E71F32CEFD663002D7AC1 /* Sources */ = {
			isa = PBXSourcesBuildPhase;
			buildActionMask = 2147483647;
			files = (
			);
			runOnlyForDeploymentPostprocessing = 0;
		};
		4C5E72052CEFD666002D7AC1 /* Sources */ = {
			isa = PBXSourcesBuildPhase;
			buildActionMask = 2147483647;
			files = (
			);
			runOnlyForDeploymentPostprocessing = 0;
		};
		4C5E720F2CEFD666002D7AC1 /* Sources */ = {
			isa = PBXSourcesBuildPhase;
			buildActionMask = 2147483647;
			files = (
			);
			runOnlyForDeploymentPostprocessing = 0;
		};
/* End PBXSourcesBuildPhase section */

/* Begin PBXTargetDependency section */
		4C5E720B2CEFD666002D7AC1 /* PBXTargetDependency */ = {
			isa = PBXTargetDependency;
			target = 4C5E71F62CEFD663002D7AC1 /* ARCampus */;
			targetProxy = 4C5E720A2CEFD666002D7AC1 /* PBXContainerItemProxy */;
		};
		4C5E72152CEFD666002D7AC1 /* PBXTargetDependency */ = {
			isa = PBXTargetDependency;
			target = 4C5E71F62CEFD663002D7AC1 /* ARCampus */;
			targetProxy = 4C5E72142CEFD666002D7AC1 /* PBXContainerItemProxy */;
		};
/* End PBXTargetDependency section */

/* Begin XCBuildConfiguration section */
		4C5E721B2CEFD666002D7AC1 /* Debug */ = {
			isa = XCBuildConfiguration;
			buildSettings = {
				ALWAYS_SEARCH_USER_PATHS = NO;
				ASSETCATALOG_COMPILER_GENERATE_SWIFT_ASSET_SYMBOL_EXTENSIONS = YES;
				CLANG_ANALYZER_NONNULL = YES;
				CLANG_ANALYZER_NUMBER_OBJECT_CONVERSION = YES_AGGRESSIVE;
				CLANG_CXX_LANGUAGE_STANDARD = "gnu++20";
				CLANG_ENABLE_MODULES = YES;
				CLANG_ENABLE_OBJC_ARC = YES;
				CLANG_ENABLE_OBJC_WEAK = YES;
				CLANG_WARN_BLOCK_CAPTURE_AUTORELEASING = YES;
				CLANG_WARN_BOOL_CONVERSION = YES;
				CLANG_WARN_COMMA = YES;
				CLANG_WARN_CONSTANT_CONVERSION = YES;
				CLANG_WARN_DEPRECATED_OBJC_IMPLEMENTATIONS = YES;
				CLANG_WARN_DIRECT_OBJC_ISA_USAGE = YES_ERROR;
				CLANG_WARN_DOCUMENTATION_COMMENTS = YES;
				CLANG_WARN_EMPTY_BODY = YES;
				CLANG_WARN_ENUM_CONVERSION = YES;
				CLANG_WARN_INFINITE_RECURSION = YES;
				CLANG_WARN_INT_CONVERSION = YES;
				CLANG_WARN_NON_LITERAL_NULL_CONVERSION = YES;
				CLANG_WARN_OBJC_IMPLICIT_RETAIN_SELF = YES;
				CLANG_WARN_OBJC_LITERAL_CONVERSION = YES;
				CLANG_WARN_OBJC_ROOT_CLASS = YES_ERROR;
				CLANG_WARN_QUOTED_INCLUDE_IN_FRAMEWORK_HEADER = YES;
				CLANG_WARN_RANGE_LOOP_ANALYSIS = YES;
				CLANG_WARN_STRICT_PROTOTYPES = YES;
				CLANG_WARN_SUSPICIOUS_MOVE = YES;
				CLANG_WARN_UNGUARDED_AVAILABILITY = YES_AGGRESSIVE;
				CLANG_WARN_UNREACHABLE_CODE = YES;
				CLANG_WARN__DUPLICATE_METHOD_MATCH = YES;
				COPY_PHASE_STRIP = NO;
				DEBUG_INFORMATION_FORMAT = dwarf;
				ENABLE_STRICT_OBJC_MSGSEND = YES;
				ENABLE_TESTABILITY = YES;
				ENABLE_USER_SCRIPT_SANDBOXING = YES;
				GCC_C_LANGUAGE_STANDARD = gnu17;
				GCC_DYNAMIC_NO_PIC = NO;
				GCC_NO_COMMON_BLOCKS = YES;
				GCC_OPTIMIZATION_LEVEL = 0;
				GCC_PREPROCESSOR_DEFINITIONS = (
					"DEBUG=1",
					"$(inherited)",
				);
				GCC_WARN_64_TO_32_BIT_CONVERSION = YES;
				GCC_WARN_ABOUT_RETURN_TYPE = YES_ERROR;
				GCC_WARN_UNDECLARED_SELECTOR = YES;
				GCC_WARN_UNINITIALIZED_AUTOS = YES_AGGRESSIVE;
				GCC_WARN_UNUSED_FUNCTION = YES;
				GCC_WARN_UNUSED_VARIABLE = YES;
				IPHONEOS_DEPLOYMENT_TARGET = 18.1;
				LOCALIZATION_PREFERS_STRING_CATALOGS = YES;
				MTL_ENABLE_DEBUG_INFO = INCLUDE_SOURCE;
				MTL_FAST_MATH = YES;
				ONLY_ACTIVE_ARCH = YES;
				SDKROOT = iphoneos;
				SWIFT_ACTIVE_COMPILATION_CONDITIONS = "DEBUG $(inherited)";
				SWIFT_OPTIMIZATION_LEVEL = "-Onone";
			};
			name = Debug;
		};
		4C5E721C2CEFD666002D7AC1 /* Release */ = {
			isa = XCBuildConfiguration;
			buildSettings = {
				ALWAYS_SEARCH_USER_PATHS = NO;
				ASSETCATALOG_COMPILER_GENERATE_SWIFT_ASSET_SYMBOL_EXTENSIONS = YES;
				CLANG_ANALYZER_NONNULL = YES;
				CLANG_ANALYZER_NUMBER_OBJECT_CONVERSION = YES_AGGRESSIVE;
				CLANG_CXX_LANGUAGE_STANDARD = "gnu++20";
				CLANG_ENABLE_MODULES = YES;
				CLANG_ENABLE_OBJC_ARC = YES;
				CLANG_ENABLE_OBJC_WEAK = YES;
				CLANG_WARN_BLOCK_CAPTURE_AUTORELEASING = YES;
				CLANG_WARN_BOOL_CONVERSION = YES;
				CLANG_WARN_COMMA = YES;
				CLANG_WARN_CONSTANT_CONVERSION = YES;
				CLANG_WARN_DEPRECATED_OBJC_IMPLEMENTATIONS = YES;
				CLANG_WARN_DIRECT_OBJC_ISA_USAGE = YES_ERROR;
				CLANG_WARN_DOCUMENTATION_COMMENTS = YES;
				CLANG_WARN_EMPTY_BODY = YES;
				CLANG_WARN_ENUM_CONVERSION = YES;
				CLANG_WARN_INFINITE_RECURSION = YES;
				CLANG_WARN_INT_CONVERSION = YES;
				CLANG_WARN_NON_LITERAL_NULL_CONVERSION = YES;
				CLANG_WARN_OBJC_IMPLICIT_RETAIN_SELF = YES;
				CLANG_WARN_OBJC_LITERAL_CONVERSION = YES;
				CLANG_WARN_OBJC_ROOT_CLASS = YES_ERROR;
				CLANG_WARN_QUOTED_INCLUDE_IN_FRAMEWORK_HEADER = YES;
				CLANG_WARN_RANGE_LOOP_ANALYSIS = YES;
				CLANG_WARN_STRICT_PROTOTYPES = YES;
				CLANG_WARN_SUSPICIOUS_MOVE = YES;
				CLANG_WARN_UNGUARDED_AVAILABILITY = YES_AGGRESSIVE;
				CLANG_WARN_UNREACHABLE_CODE = YES;
				CLANG_WARN__DUPLICATE_METHOD_MATCH = YES;
				COPY_PHASE_STRIP = NO;
				DEBUG_INFORMATION_FORMAT = "dwarf-with-dsym";
				ENABLE_NS_ASSERTIONS = NO;
				ENABLE_STRICT_OBJC_MSGSEND = YES;
				ENABLE_USER_SCRIPT_SANDBOXING = YES;
				GCC_C_LANGUAGE_STANDARD = gnu17;
				GCC_NO_COMMON_BLOCKS = YES;
				GCC_WARN_64_TO_32_BIT_CONVERSION = YES;
				GCC_WARN_ABOUT_RETURN_TYPE = YES_ERROR;
				GCC_WARN_UNDECLARED_SELECTOR = YES;
				GCC_WARN_UNINITIALIZED_AUTOS = YES_AGGRESSIVE;
				GCC_WARN_UNUSED_FUNCTION = YES;
				GCC_WARN_UNUSED_VARIABLE = YES;
				IPHONEOS_DEPLOYMENT_TARGET = 18.1;
				LOCALIZATION_PREFERS_STRING_CATALOGS = YES;
				MTL_ENABLE_DEBUG_INFO = NO;
				MTL_FAST_MATH = YES;
				SDKROOT = iphoneos;
				SWIFT_COMPILATION_MODE = wholemodule;
				VALIDATE_PRODUCT = YES;
			};
			name = Release;
		};
		4C5E721E2CEFD666002D7AC1 /* Debug */ = {
			isa = XCBuildConfiguration;
			buildSettings = {
				ASSETCATALOG_COMPILER_APPICON_NAME = AppIcon;
				ASSETCATALOG_COMPILER_GLOBAL_ACCENT_COLOR_NAME = AccentColor;
				CODE_SIGN_STYLE = Automatic;
				CURRENT_PROJECT_VERSION = 1;
				GENERATE_INFOPLIST_FILE = YES;
				INFOPLIST_KEY_NSCameraUsageDescription = "";
				INFOPLIST_KEY_UIApplicationSupportsIndirectInputEvents = YES;
				INFOPLIST_KEY_UIMainStoryboardFile = Main;
				INFOPLIST_KEY_UIRequiredDeviceCapabilities = arkit;
				INFOPLIST_KEY_UIStatusBarHidden = YES;
				INFOPLIST_KEY_UISupportedInterfaceOrientations_iPad = "UIInterfaceOrientationPortrait UIInterfaceOrientationPortraitUpsideDown UIInterfaceOrientationLandscapeLeft UIInterfaceOrientationLandscapeRight";
				INFOPLIST_KEY_UISupportedInterfaceOrientations_iPhone = "UIInterfaceOrientationPortrait UIInterfaceOrientationLandscapeLeft UIInterfaceOrientationLandscapeRight";
				LD_RUNPATH_SEARCH_PATHS = (
					"$(inherited)",
					"@executable_path/Frameworks",
				);
				MARKETING_VERSION = 1.0;
				PRODUCT_BUNDLE_IDENTIFIER = com.CSC216.ARCampus;
				PRODUCT_NAME = "$(TARGET_NAME)";
				SWIFT_EMIT_LOC_STRINGS = YES;
				SWIFT_VERSION = 5.0;
				TARGETED_DEVICE_FAMILY = "1,2";
			};
			name = Debug;
		};
		4C5E721F2CEFD666002D7AC1 /* Release */ = {
			isa = XCBuildConfiguration;
			buildSettings = {
				ASSETCATALOG_COMPILER_APPICON_NAME = AppIcon;
				ASSETCATALOG_COMPILER_GLOBAL_ACCENT_COLOR_NAME = AccentColor;
				CODE_SIGN_STYLE = Automatic;
				CURRENT_PROJECT_VERSION = 1;
				GENERATE_INFOPLIST_FILE = YES;
				INFOPLIST_KEY_NSCameraUsageDescription = "";
				INFOPLIST_KEY_UIApplicationSupportsIndirectInputEvents = YES;
				INFOPLIST_KEY_UIMainStoryboardFile = Main;
				INFOPLIST_KEY_UIRequiredDeviceCapabilities = arkit;
				INFOPLIST_KEY_UIStatusBarHidden = YES;
				INFOPLIST_KEY_UISupportedInterfaceOrientations_iPad = "UIInterfaceOrientationPortrait UIInterfaceOrientationPortraitUpsideDown UIInterfaceOrientationLandscapeLeft UIInterfaceOrientationLandscapeRight";
				INFOPLIST_KEY_UISupportedInterfaceOrientations_iPhone = "UIInterfaceOrientationPortrait UIInterfaceOrientationLandscapeLeft UIInterfaceOrientationLandscapeRight";
				LD_RUNPATH_SEARCH_PATHS = (
					"$(inherited)",
					"@executable_path/Frameworks",
				);
				MARKETING_VERSION = 1.0;
				PRODUCT_BUNDLE_IDENTIFIER = com.CSC216.ARCampus;
				PRODUCT_NAME = "$(TARGET_NAME)";
				SWIFT_EMIT_LOC_STRINGS = YES;
				SWIFT_VERSION = 5.0;
				TARGETED_DEVICE_FAMILY = "1,2";
			};
			name = Release;
		};
		4C5E72212CEFD666002D7AC1 /* Debug */ = {
			isa = XCBuildConfiguration;
			buildSettings = {
				BUNDLE_LOADER = "$(TEST_HOST)";
				CODE_SIGN_STYLE = Automatic;
				CURRENT_PROJECT_VERSION = 1;
				GENERATE_INFOPLIST_FILE = YES;
				IPHONEOS_DEPLOYMENT_TARGET = 18.1;
				MARKETING_VERSION = 1.0;
				PRODUCT_BUNDLE_IDENTIFIER = com.CSC216.ARCampusTests;
				PRODUCT_NAME = "$(TARGET_NAME)";
				SWIFT_EMIT_LOC_STRINGS = NO;
				SWIFT_VERSION = 5.0;
				TARGETED_DEVICE_FAMILY = "1,2";
				TEST_HOST = "$(BUILT_PRODUCTS_DIR)/ARCampus.app/$(BUNDLE_EXECUTABLE_FOLDER_PATH)/ARCampus";
			};
			name = Debug;
		};
		4C5E72222CEFD666002D7AC1 /* Release */ = {
			isa = XCBuildConfiguration;
			buildSettings = {
				BUNDLE_LOADER = "$(TEST_HOST)";
				CODE_SIGN_STYLE = Automatic;
				CURRENT_PROJECT_VERSION = 1;
				GENERATE_INFOPLIST_FILE = YES;
				IPHONEOS_DEPLOYMENT_TARGET = 18.1;
				MARKETING_VERSION = 1.0;
				PRODUCT_BUNDLE_IDENTIFIER = com.CSC216.ARCampusTests;
				PRODUCT_NAME = "$(TARGET_NAME)";
				SWIFT_EMIT_LOC_STRINGS = NO;
				SWIFT_VERSION = 5.0;
				TARGETED_DEVICE_FAMILY = "1,2";
				TEST_HOST = "$(BUILT_PRODUCTS_DIR)/ARCampus.app/$(BUNDLE_EXECUTABLE_FOLDER_PATH)/ARCampus";
			};
			name = Release;
		};
		4C5E72242CEFD666002D7AC1 /* Debug */ = {
			isa = XCBuildConfiguration;
			buildSettings = {
				CODE_SIGN_STYLE = Automatic;
				CURRENT_PROJECT_VERSION = 1;
				GENERATE_INFOPLIST_FILE = YES;
				MARKETING_VERSION = 1.0;
				PRODUCT_BUNDLE_IDENTIFIER = com.CSC216.ARCampusUITests;
				PRODUCT_NAME = "$(TARGET_NAME)";
				SWIFT_EMIT_LOC_STRINGS = NO;
				SWIFT_VERSION = 5.0;
				TARGETED_DEVICE_FAMILY = "1,2";
				TEST_TARGET_NAME = ARCampus;
			};
			name = Debug;
		};
		4C5E72252CEFD666002D7AC1 /* Release */ = {
			isa = XCBuildConfiguration;
			buildSettings = {
				CODE_SIGN_STYLE = Automatic;
				CURRENT_PROJECT_VERSION = 1;
				GENERATE_INFOPLIST_FILE = YES;
				MARKETING_VERSION = 1.0;
				PRODUCT_BUNDLE_IDENTIFIER = com.CSC216.ARCampusUITests;
				PRODUCT_NAME = "$(TARGET_NAME)";
				SWIFT_EMIT_LOC_STRINGS = NO;
				SWIFT_VERSION = 5.0;
				TARGETED_DEVICE_FAMILY = "1,2";
				TEST_TARGET_NAME = ARCampus;
			};
			name = Release;
		};
/* End XCBuildConfiguration section */

/* Begin XCConfigurationList section */
		4C5E71F22CEFD663002D7AC1 /* Build configuration list for PBXProject "ARCampus" */ = {
			isa = XCConfigurationList;
			buildConfigurations = (
				4C5E721B2CEFD666002D7AC1 /* Debug */,
				4C5E721C2CEFD666002D7AC1 /* Release */,
			);
			defaultConfigurationIsVisible = 0;
			defaultConfigurationName = Release;
		};
		4C5E721D2CEFD666002D7AC1 /* Build configuration list for PBXNativeTarget "ARCampus" */ = {
			isa = XCConfigurationList;
			buildConfigurations = (
				4C5E721E2CEFD666002D7AC1 /* Debug */,
				4C5E721F2CEFD666002D7AC1 /* Release */,
			);
			defaultConfigurationIsVisible = 0;
			defaultConfigurationName = Release;
		};
		4C5E72202CEFD666002D7AC1 /* Build configuration list for PBXNativeTarget "ARCampusTests" */ = {
			isa = XCConfigurationList;
			buildConfigurations = (
				4C5E72212CEFD666002D7AC1 /* Debug */,
				4C5E72222CEFD666002D7AC1 /* Release */,
			);
			defaultConfigurationIsVisible = 0;
			defaultConfigurationName = Release;
		};
		4C5E72232CEFD666002D7AC1 /* Build configuration list for PBXNativeTarget "ARCampusUITests" */ = {
			isa = XCConfigurationList;
			buildConfigurations = (
				4C5E72242CEFD666002D7AC1 /* Debug */,
				4C5E72252CEFD666002D7AC1 /* Release */,
			);
			defaultConfigurationIsVisible = 0;
			defaultConfigurationName = Release;
		};
/* End XCConfigurationList section */
	};
	rootObject = 4C5E71EF2CEFD663002D7AC1 /* Project object */;
}
